
Microsoft Visual Studio Solution File, Format Version 12.00
# Visual Studio Version 16
VisualStudioVersion = 16.0.30114.105
MinimumVisualStudioVersion = 10.0.40219.1
Project("{FAE04EC0-301F-11D3-BF4B-00C04F79EFBC}") = "API", "API\API.csproj", "{A75C3D23-8E88-48F4-91E7-D1BB62067CC0}"
EndProject
Project("{FAE04EC0-301F-11D3-BF4B-00C04F79EFBC}") = "Core", "Core\Core.csproj", "{5087EFD8-E34F-442E-A363-47F5442A1872}"
EndProject
Project("{FAE04EC0-301F-11D3-BF4B-00C04F79EFBC}") = "Infrastructure", "Infrastructure\Infrastructure.csproj", "{33915310-D08E-44DB-8DBF-28DA7C5AB520}"
EndProject
Global
	GlobalSection(SolutionConfigurationPlatforms) = preSolution
		Debug|Any CPU = Debug|Any CPU
		Debug|x64 = Debug|x64
		Debug|x86 = Debug|x86
		Release|Any CPU = Release|Any CPU
		Release|x64 = Release|x64
		Release|x86 = Release|x86
	EndGlobalSection
	GlobalSection(SolutionProperties) = preSolution
		HideSolutionNode = FALSE
	EndGlobalSection
	GlobalSection(ProjectConfigurationPlatforms) = postSolution
		{A75C3D23-8E88-48F4-91E7-D1BB62067CC0}.Debug|Any CPU.ActiveCfg = Debug|Any CPU
		{A75C3D23-8E88-48F4-91E7-D1BB62067CC0}.Debug|Any CPU.Build.0 = Debug|Any CPU
		{A75C3D23-8E88-48F4-91E7-D1BB62067CC0}.Debug|x64.ActiveCfg = Debug|Any CPU
		{A75C3D23-8E88-48F4-91E7-D1BB62067CC0}.Debug|x64.Build.0 = Debug|Any CPU
		{A75C3D23-8E88-48F4-91E7-D1BB62067CC0}.Debug|x86.ActiveCfg = Debug|Any CPU
		{A75C3D23-8E88-48F4-91E7-D1BB62067CC0}.Debug|x86.Build.0 = Debug|Any CPU
		{A75C3D23-8E88-48F4-91E7-D1BB62067CC0}.Release|Any CPU.ActiveCfg = Release|Any CPU
		{A75C3D23-8E88-48F4-91E7-D1BB62067CC0}.Release|Any CPU.Build.0 = Release|Any CPU
		{A75C3D23-8E88-48F4-91E7-D1BB62067CC0}.Release|x64.ActiveCfg = Release|Any CPU
		{A75C3D23-8E88-48F4-91E7-D1BB62067CC0}.Release|x64.Build.0 = Release|Any CPU
		{A75C3D23-8E88-48F4-91E7-D1BB62067CC0}.Release|x86.ActiveCfg = Release|Any CPU
		{A75C3D23-8E88-48F4-91E7-D1BB62067CC0}.Release|x86.Build.0 = Release|Any CPU
		{5087EFD8-E34F-442E-A363-47F5442A1872}.Debug|Any CPU.ActiveCfg = Debug|Any CPU
		{5087EFD8-E34F-442E-A363-47F5442A1872}.Debug|Any CPU.Build.0 = Debug|Any CPU
		{5087EFD8-E34F-442E-A363-47F5442A1872}.Debug|x64.ActiveCfg = Debug|Any CPU
		{5087EFD8-E34F-442E-A363-47F5442A1872}.Debug|x64.Build.0 = Debug|Any CPU
		{5087EFD8-E34F-442E-A363-47F5442A1872}.Debug|x86.ActiveCfg = Debug|Any CPU
		{5087EFD8-E34F-442E-A363-47F5442A1872}.Debug|x86.Build.0 = Debug|Any CPU
		{5087EFD8-E34F-442E-A363-47F5442A1872}.Release|Any CPU.ActiveCfg = Release|Any CPU
		{5087EFD8-E34F-442E-A363-47F5442A1872}.Release|Any CPU.Build.0 = Release|Any CPU
		{5087EFD8-E34F-442E-A363-47F5442A1872}.Release|x64.ActiveCfg = Release|Any CPU
		{5087EFD8-E34F-442E-A363-47F5442A1872}.Release|x64.Build.0 = Release|Any CPU
		{5087EFD8-E34F-442E-A363-47F5442A1872}.Release|x86.ActiveCfg = Release|Any CPU
		{5087EFD8-E34F-442E-A363-47F5442A1872}.Release|x86.Build.0 = Release|Any CPU
		{33915310-D08E-44DB-8DBF-28DA7C5AB520}.Debug|Any CPU.ActiveCfg = Debug|Any CPU
		{33915310-D08E-44DB-8DBF-28DA7C5AB520}.Debug|Any CPU.Build.0 = Debug|Any CPU
		{33915310-D08E-44DB-8DBF-28DA7C5AB520}.Debug|x64.ActiveCfg = Debug|Any CPU
		{33915310-D08E-44DB-8DBF-28DA7C5AB520}.Debug|x64.Build.0 = Debug|Any CPU
		{33915310-D08E-44DB-8DBF-28DA7C5AB520}.Debug|x86.ActiveCfg = Debug|Any CPU
		{33915310-D08E-44DB-8DBF-28DA7C5AB520}.Debug|x86.Build.0 = Debug|Any CPU
		{33915310-D08E-44DB-8DBF-28DA7C5AB520}.Release|Any CPU.ActiveCfg = Release|Any CPU
		{33915310-D08E-44DB-8DBF-28DA7C5AB520}.Release|Any CPU.Build.0 = Release|Any CPU
		{33915310-D08E-44DB-8DBF-28DA7C5AB520}.Release|x64.ActiveCfg = Release|Any CPU
		{33915310-D08E-44DB-8DBF-28DA7C5AB520}.Release|x64.Build.0 = Release|Any CPU
		{33915310-D08E-44DB-8DBF-28DA7C5AB520}.Release|x86.ActiveCfg = Release|Any CPU
		{33915310-D08E-44DB-8DBF-28DA7C5AB520}.Release|x86.Build.0 = Release|Any CPU
	EndGlobalSection
EndGlobal
